
Microsoft Visual Studio Solution File, Format Version 12.00
# Visual Studio Version 16
VisualStudioVersion = 16.0.30804.86
MinimumVisualStudioVersion = 10.0.40219.1
Project("{FAE04EC0-301F-11D3-BF4B-00C04F79EFBC}") = "TestCRUD_App", "TestCRUD_App\TestCRUD_App.csproj", "{66FED7F8-14FD-4446-A908-32587B8A5C51}"
EndProject
Global
	GlobalSection(SolutionConfigurationPlatforms) = preSolution
		Debug|Any CPU = Debug|Any CPU
		Release|Any CPU = Release|Any CPU
	EndGlobalSection
	GlobalSection(ProjectConfigurationPlatforms) = postSolution
		{66FED7F8-14FD-4446-A908-32587B8A5C51}.Debug|Any CPU.ActiveCfg = Debug|Any CPU
		{66FED7F8-14FD-4446-A908-32587B8A5C51}.Debug|Any CPU.Build.0 = Debug|Any CPU
		{66FED7F8-14FD-4446-A908-32587B8A5C51}.Release|Any CPU.ActiveCfg = Release|Any CPU
		{66FED7F8-14FD-4446-A908-32587B8A5C51}.Release|Any CPU.Build.0 = Release|Any CPU
	EndGlobalSection
	GlobalSection(SolutionProperties) = preSolution
		HideSolutionNode = FALSE
	EndGlobalSection
	GlobalSection(ExtensibilityGlobals) = postSolution
		SolutionGuid = {B1B9A2AC-A675-46E8-8E45-73ACA3399CC8}
	EndGlobalSection
EndGlobal
